
Microsoft Visual Studio Solution File, Format Version 12.00
# Visual Studio Version 17
VisualStudioVersion = 17.1.32210.238
MinimumVisualStudioVersion = 10.0.40219.1
Project("{9A19103F-16F7-4668-BE54-9A1E7A4F7556}") = "FirstWebApplication", "FirstWebApplication.csproj", "{6167E869-1AC9-4F38-8B47-04C79AA48653}"
EndProject
Global
	GlobalSection(SolutionConfigurationPlatforms) = preSolution
		Debug|Any CPU = Debug|Any CPU
		Release|Any CPU = Release|Any CPU
	EndGlobalSection
	GlobalSection(ProjectConfigurationPlatforms) = postSolution
		{6167E869-1AC9-4F38-8B47-04C79AA48653}.Debug|Any CPU.ActiveCfg = Debug|Any CPU
		{6167E869-1AC9-4F38-8B47-04C79AA48653}.Debug|Any CPU.Build.0 = Debug|Any CPU
		{6167E869-1AC9-4F38-8B47-04C79AA48653}.Release|Any CPU.ActiveCfg = Release|Any CPU
		{6167E869-1AC9-4F38-8B47-04C79AA48653}.Release|Any CPU.Build.0 = Release|Any CPU
	EndGlobalSection
	GlobalSection(SolutionProperties) = preSolution
		HideSolutionNode = FALSE
	EndGlobalSection
	GlobalSection(ExtensibilityGlobals) = postSolution
		SolutionGuid = {3C8C2FDB-7F02-4EA7-BC2B-5ECE5D97B3FA}
	EndGlobalSection
EndGlobal
